// !$*UTF8*$!
{
	archiveVersion = 1;
	classes = {
	};
	objectVersion = 48;
	objects = {

/* Begin PBXBuildFile section */
		6A372E9E20B283FD00E62CCF /* AppDelegate.swift in Sources */ = {isa = PBXBuildFile; fileRef = 6A372E9D20B283FD00E62CCF /* AppDelegate.swift */; };
		6A372EA320B283FD00E62CCF /* Main.storyboard in Resources */ = {isa = PBXBuildFile; fileRef = 6A372EA120B283FD00E62CCF /* Main.storyboard */; };
		6A372EA620B283FD00E62CCF /* AccessibilityMap.xcdatamodeld in Sources */ = {isa = PBXBuildFile; fileRef = 6A372EA420B283FD00E62CCF /* AccessibilityMap.xcdatamodeld */; };
		6A372EA820B283FD00E62CCF /* Assets.xcassets in Resources */ = {isa = PBXBuildFile; fileRef = 6A372EA720B283FD00E62CCF /* Assets.xcassets */; };
		6A372EAB20B283FD00E62CCF /* LaunchScreen.storyboard in Resources */ = {isa = PBXBuildFile; fileRef = 6A372EA920B283FD00E62CCF /* LaunchScreen.storyboard */; };
/* End PBXBuildFile section */

/* Begin PBXFileReference section */
		6A372E9A20B283FD00E62CCF /* AccessibilityMap.app */ = {isa = PBXFileReference; explicitFileType = wrapper.application; includeInIndex = 0; path = AccessibilityMap.app; sourceTree = BUILT_PRODUCTS_DIR; };
		6A372E9D20B283FD00E62CCF /* AppDelegate.swift */ = {isa = PBXFileReference; lastKnownFileType = sourcecode.swift; path = AppDelegate.swift; sourceTree = "<group>"; };
		6A372EA220B283FD00E62CCF /* Base */ = {isa = PBXFileReference; lastKnownFileType = file.storyboard; name = Base; path = Base.lproj/Main.storyboard; sourceTree = "<group>"; };
		6A372EA520B283FD00E62CCF /* AccessibilityMap.xcdatamodel */ = {isa = PBXFileReference; lastKnownFileType = wrapper.xcdatamodel; path = AccessibilityMap.xcdatamodel; sourceTree = "<group>"; };
		6A372EA720B283FD00E62CCF /* Assets.xcassets */ = {isa = PBXFileReference; lastKnownFileType = folder.assetcatalog; path = Assets.xcassets; sourceTree = "<group>"; };
		6A372EAA20B283FD00E62CCF /* Base */ = {isa = PBXFileReference; lastKnownFileType = file.storyboard; name = Base; path = Base.lproj/LaunchScreen.storyboard; sourceTree = "<group>"; };
		6A372EAC20B283FD00E62CCF /* Info.plist */ = {isa = PBXFileReference; lastKnownFileType = text.plist.xml; path = Info.plist; sourceTree = "<group>"; };
/* End PBXFileReference section */

/* Begin PBXFrameworksBuildPhase section */
		6A372E9720B283FD00E62CCF /* Frameworks */ = {
			isa = PBXFrameworksBuildPhase;
			buildActionMask = 2147483647;
			files = (
			);
			runOnlyForDeploymentPostprocessing = 0;
		};
/* End PBXFrameworksBuildPhase section */

/* Begin PBXGroup section */
		6A372E9120B283FD00E62CCF = {
			isa = PBXGroup;
			children = (
				6A372E9C20B283FD00E62CCF /* AccessibilityMap */,
				6A372E9B20B283FD00E62CCF /* Products */,
			);
			sourceTree = "<group>";
		};
		6A372E9B20B283FD00E62CCF /* Products */ = {
			isa = PBXGroup;
			children = (
				6A372E9A20B283FD00E62CCF /* AccessibilityMap.app */,
			);
			name = Products;
			sourceTree = "<group>";
		};
		6A372E9C20B283FD00E62CCF /* AccessibilityMap */ = {
			isa = PBXGroup;
			children = (
				6A372EB520B285EB00E62CCF /* Shared */,
				6A372EB420B285E500E62CCF /* Controllers */,
				6A372EB320B285E000E62CCF /* Views */,
				6A372EB220B285D800E62CCF /* Model */,
				6A372E9D20B283FD00E62CCF /* AppDelegate.swift */,
				6A372EA120B283FD00E62CCF /* Main.storyboard */,
				6A372EA920B283FD00E62CCF /* LaunchScreen.storyboard */,
				6A372EAC20B283FD00E62CCF /* Info.plist */,
			);
			path = AccessibilityMap;
			sourceTree = "<group>";
		};
		6A372EB220B285D800E62CCF /* Model */ = {
			isa = PBXGroup;
			children = (
				6A372EA420B283FD00E62CCF /* AccessibilityMap.xcdatamodeld */,
			);
			path = Model;
			sourceTree = "<group>";
		};
		6A372EB320B285E000E62CCF /* Views */ = {
			isa = PBXGroup;
			children = (
			);
			path = Views;
			sourceTree = "<group>";
		};
		6A372EB420B285E500E62CCF /* Controllers */ = {
			isa = PBXGroup;
			children = (
			);
			path = Controllers;
			sourceTree = "<group>";
		};
		6A372EB520B285EB00E62CCF /* Shared */ = {
			isa = PBXGroup;
			children = (
				6A372EB620B285F600E62CCF /* Image */,
			);
			path = Shared;
			sourceTree = "<group>";
		};
		6A372EB620B285F600E62CCF /* Image */ = {
			isa = PBXGroup;
			children = (
				6A372EA720B283FD00E62CCF /* Assets.xcassets */,
			);
			path = Image;
			sourceTree = "<group>";
		};
/* End PBXGroup section */

/* Begin PBXNativeTarget section */
		6A372E9920B283FD00E62CCF /* AccessibilityMap */ = {
			isa = PBXNativeTarget;
			buildConfigurationList = 6A372EAF20B283FD00E62CCF /* Build configuration list for PBXNativeTarget "AccessibilityMap" */;
			buildPhases = (
				6A372E9620B283FD00E62CCF /* Sources */,
				6A372E9720B283FD00E62CCF /* Frameworks */,
				6A372E9820B283FD00E62CCF /* Resources */,
			);
			buildRules = (
			);
			dependencies = (
			);
			name = AccessibilityMap;
			productName = AccessibilityMap;
			productReference = 6A372E9A20B283FD00E62CCF /* AccessibilityMap.app */;
			productType = "com.apple.product-type.application";
		};
/* End PBXNativeTarget section */

/* Begin PBXProject section */
		6A372E9220B283FD00E62CCF /* Project object */ = {
			isa = PBXProject;
			attributes = {
				LastSwiftUpdateCheck = 0920;
				LastUpgradeCheck = 0920;
				ORGANIZATIONNAME = Swinburne;
				TargetAttributes = {
					6A372E9920B283FD00E62CCF = {
						CreatedOnToolsVersion = 9.2;
						ProvisioningStyle = Manual;
					};
				};
			};
			buildConfigurationList = 6A372E9520B283FD00E62CCF /* Build configuration list for PBXProject "AccessibilityMap" */;
			compatibilityVersion = "Xcode 8.0";
			developmentRegion = en;
			hasScannedForEncodings = 0;
			knownRegions = (
				en,
				Base,
			);
			mainGroup = 6A372E9120B283FD00E62CCF;
			productRefGroup = 6A372E9B20B283FD00E62CCF /* Products */;
			projectDirPath = "";
			projectRoot = "";
			targets = (
				6A372E9920B283FD00E62CCF /* AccessibilityMap */,
			);
		};
/* End PBXProject section */

/* Begin PBXResourcesBuildPhase section */
		6A372E9820B283FD00E62CCF /* Resources */ = {
			isa = PBXResourcesBuildPhase;
			buildActionMask = 2147483647;
			files = (
				6A372EAB20B283FD00E62CCF /* LaunchScreen.storyboard in Resources */,
				6A372EA820B283FD00E62CCF /* Assets.xcassets in Resources */,
				6A372EA320B283FD00E62CCF /* Main.storyboard in Resources */,
			);
			runOnlyForDeploymentPostprocessing = 0;
		};
/* End PBXResourcesBuildPhase section */

/* Begin PBXSourcesBuildPhase section */
		6A372E9620B283FD00E62CCF /* Sources */ = {
			isa = PBXSourcesBuildPhase;
			buildActionMask = 2147483647;
			files = (
				6A372E9E20B283FD00E62CCF /* AppDelegate.swift in Sources */,
				6A372EA620B283FD00E62CCF /* AccessibilityMap.xcdatamodeld in Sources */,
			);
			runOnlyForDeploymentPostprocessing = 0;
		};
/* End PBXSourcesBuildPhase section */

/* Begin PBXVariantGroup section */
		6A372EA120B283FD00E62CCF /* Main.storyboard */ = {
			isa = PBXVariantGroup;
			children = (
				6A372EA220B283FD00E62CCF /* Base */,
			);
			name = Main.storyboard;
			sourceTree = "<group>";
		};
		6A372EA920B283FD00E62CCF /* LaunchScreen.storyboard */ = {
			isa = PBXVariantGroup;
			children = (
				6A372EAA20B283FD00E62CCF /* Base */,
			);
			name = LaunchScreen.storyboard;
			sourceTree = "<group>";
		};
/* End PBXVariantGroup section */

/* Begin XCBuildConfiguration section */
		6A372EAD20B283FD00E62CCF /* Debug */ = {
			isa = XCBuildConfiguration;
			buildSettings = {
				ALWAYS_SEARCH_USER_PATHS = NO;
				CLANG_ANALYZER_NONNULL = YES;
				CLANG_ANALYZER_NUMBER_OBJECT_CONVERSION = YES_AGGRESSIVE;
				CLANG_CXX_LANGUAGE_STANDARD = "gnu++14";
				CLANG_CXX_LIBRARY = "libc++";
				CLANG_ENABLE_MODULES = YES;
				CLANG_ENABLE_OBJC_ARC = YES;
				CLANG_WARN_BLOCK_CAPTURE_AUTORELEASING = YES;
				CLANG_WARN_BOOL_CONVERSION = YES;
				CLANG_WARN_COMMA = YES;
				CLANG_WARN_CONSTANT_CONVERSION = YES;
				CLANG_WARN_DIRECT_OBJC_ISA_USAGE = YES_ERROR;
				CLANG_WARN_DOCUMENTATION_COMMENTS = YES;
				CLANG_WARN_EMPTY_BODY = YES;
				CLANG_WARN_ENUM_CONVERSION = YES;
				CLANG_WARN_INFINITE_RECURSION = YES;
				CLANG_WARN_INT_CONVERSION = YES;
				CLANG_WARN_NON_LITERAL_NULL_CONVERSION = YES;
				CLANG_WARN_OBJC_LITERAL_CONVERSION = YES;
				CLANG_WARN_OBJC_ROOT_CLASS = YES_ERROR;
				CLANG_WARN_RANGE_LOOP_ANALYSIS = YES;
				CLANG_WARN_STRICT_PROTOTYPES = YES;
				CLANG_WARN_SUSPICIOUS_MOVE = YES;
				CLANG_WARN_UNGUARDED_AVAILABILITY = YES_AGGRESSIVE;
				CLANG_WARN_UNREACHABLE_CODE = YES;
				CLANG_WARN__DUPLICATE_METHOD_MATCH = YES;
				CODE_SIGN_IDENTITY = "iPhone Developer";
				COPY_PHASE_STRIP = NO;
				DEBUG_INFORMATION_FORMAT = dwarf;
				ENABLE_STRICT_OBJC_MSGSEND = YES;
				ENABLE_TESTABILITY = YES;
				GCC_C_LANGUAGE_STANDARD = gnu11;
				GCC_DYNAMIC_NO_PIC = NO;
				GCC_NO_COMMON_BLOCKS = YES;
				GCC_OPTIMIZATION_LEVEL = 0;
				GCC_PREPROCESSOR_DEFINITIONS = (
					"DEBUG=1",
					"$(inherited)",
				);
				GCC_WARN_64_TO_32_BIT_CONVERSION = YES;
				GCC_WARN_ABOUT_RETURN_TYPE = YES_ERROR;
				GCC_WARN_UNDECLARED_SELECTOR = YES;
				GCC_WARN_UNINITIALIZED_AUTOS = YES_AGGRESSIVE;
				GCC_WARN_UNUSED_FUNCTION = YES;
				GCC_WARN_UNUSED_VARIABLE = YES;
				IPHONEOS_DEPLOYMENT_TARGET = 11.2;
				MTL_ENABLE_DEBUG_INFO = YES;
				ONLY_ACTIVE_ARCH = YES;
				SDKROOT = iphoneos;
				SWIFT_ACTIVE_COMPILATION_CONDITIONS = DEBUG;
				SWIFT_OPTIMIZATION_LEVEL = "-Onone";
			};
			name = Debug;
		};
		6A372EAE20B283FD00E62CCF /* Release */ = {
			isa = XCBuildConfiguration;
			buildSettings = {
				ALWAYS_SEARCH_USER_PATHS = NO;
				CLANG_ANALYZER_NONNULL = YES;
				CLANG_ANALYZER_NUMBER_OBJECT_CONVERSION = YES_AGGRESSIVE;
				CLANG_CXX_LANGUAGE_STANDARD = "gnu++14";
				CLANG_CXX_LIBRARY = "libc++";
				CLANG_ENABLE_MODULES = YES;
				CLANG_ENABLE_OBJC_ARC = YES;
				CLANG_WARN_BLOCK_CAPTURE_AUTORELEASING = YES;
				CLANG_WARN_BOOL_CONVERSION = YES;
				CLANG_WARN_COMMA = YES;
				CLANG_WARN_CONSTANT_CONVERSION = YES;
				CLANG_WARN_DIRECT_OBJC_ISA_USAGE = YES_ERROR;
				CLANG_WARN_DOCUMENTATION_COMMENTS = YES;
				CLANG_WARN_EMPTY_BODY = YES;
				CLANG_WARN_ENUM_CONVERSION = YES;
				CLANG_WARN_INFINITE_RECURSION = YES;
				CLANG_WARN_INT_CONVERSION = YES;
				CLANG_WARN_NON_LITERAL_NULL_CONVERSION = YES;
				CLANG_WARN_OBJC_LITERAL_CONVERSION = YES;
				CLANG_WARN_OBJC_ROOT_CLASS = YES_ERROR;
				CLANG_WARN_RANGE_LOOP_ANALYSIS = YES;
				CLANG_WARN_STRICT_PROTOTYPES = YES;
				CLANG_WARN_SUSPICIOUS_MOVE = YES;
				CLANG_WARN_UNGUARDED_AVAILABILITY = YES_AGGRESSIVE;
				CLANG_WARN_UNREACHABLE_CODE = YES;
				CLANG_WARN__DUPLICATE_METHOD_MATCH = YES;
				CODE_SIGN_IDENTITY = "iPhone Developer";
				COPY_PHASE_STRIP = NO;
				DEBUG_INFORMATION_FORMAT = "dwarf-with-dsym";
				ENABLE_NS_ASSERTIONS = NO;
				ENABLE_STRICT_OBJC_MSGSEND = YES;
				GCC_C_LANGUAGE_STANDARD = gnu11;
				GCC_NO_COMMON_BLOCKS = YES;
				GCC_WARN_64_TO_32_BIT_CONVERSION = YES;
				GCC_WARN_ABOUT_RETURN_TYPE = YES_ERROR;
				GCC_WARN_UNDECLARED_SELECTOR = YES;
				GCC_WARN_UNINITIALIZED_AUTOS = YES_AGGRESSIVE;
				GCC_WARN_UNUSED_FUNCTION = YES;
				GCC_WARN_UNUSED_VARIABLE = YES;
				IPHONEOS_DEPLOYMENT_TARGET = 11.2;
				MTL_ENABLE_DEBUG_INFO = NO;
				SDKROOT = iphoneos;
				SWIFT_OPTIMIZATION_LEVEL = "-Owholemodule";
				VALIDATE_PRODUCT = YES;
			};
			name = Release;
		};
		6A372EB020B283FD00E62CCF /* Debug */ = {
			isa = XCBuildConfiguration;
			buildSettings = {
				ASSETCATALOG_COMPILER_APPICON_NAME = AppIcon;
				CODE_SIGN_STYLE = Manual;
				DEVELOPMENT_TEAM = "";
				INFOPLIST_FILE = AccessibilityMap/Info.plist;
				LD_RUNPATH_SEARCH_PATHS = "$(inherited) @executable_path/Frameworks";
				PRODUCT_BUNDLE_IDENTIFIER = Swinburne.AccessibilityMap;
				PRODUCT_NAME = "$(TARGET_NAME)";
				PROVISIONING_PROFILE_SPECIFIER = "";
				SWIFT_VERSION = 4.0;
				TARGETED_DEVICE_FAMILY = "1,2";
			};
			name = Debug;
		};
		6A372EB120B283FD00E62CCF /* Release */ = {
			isa = XCBuildConfiguration;
			buildSettings = {
				ASSETCATALOG_COMPILER_APPICON_NAME = AppIcon;
				CODE_SIGN_STYLE = Manual;
				DEVELOPMENT_TEAM = "";
				INFOPLIST_FILE = AccessibilityMap/Info.plist;
				LD_RUNPATH_SEARCH_PATHS = "$(inherited) @executable_path/Frameworks";
				PRODUCT_BUNDLE_IDENTIFIER = Swinburne.AccessibilityMap;
				PRODUCT_NAME = "$(TARGET_NAME)";
				PROVISIONING_PROFILE_SPECIFIER = "";
				SWIFT_VERSION = 4.0;
				TARGETED_DEVICE_FAMILY = "1,2";
			};
			name = Release;
		};
/* End XCBuildConfiguration section */

/* Begin XCConfigurationList section */
		6A372E9520B283FD00E62CCF /* Build configuration list for PBXProject "AccessibilityMap" */ = {
			isa = XCConfigurationList;
			buildConfigurations = (
				6A372EAD20B283FD00E62CCF /* Debug */,
				6A372EAE20B283FD00E62CCF /* Release */,
			);
			defaultConfigurationIsVisible = 0;
			defaultConfigurationName = Release;
		};
		6A372EAF20B283FD00E62CCF /* Build configuration list for PBXNativeTarget "AccessibilityMap" */ = {
			isa = XCConfigurationList;
			buildConfigurations = (
				6A372EB020B283FD00E62CCF /* Debug */,
				6A372EB120B283FD00E62CCF /* Release */,
			);
			defaultConfigurationIsVisible = 0;
			defaultConfigurationName = Release;
		};
/* End XCConfigurationList section */

/* Begin XCVersionGroup section */
		6A372EA420B283FD00E62CCF /* AccessibilityMap.xcdatamodeld */ = {
			isa = XCVersionGroup;
			children = (
				6A372EA520B283FD00E62CCF /* AccessibilityMap.xcdatamodel */,
			);
			currentVersion = 6A372EA520B283FD00E62CCF /* AccessibilityMap.xcdatamodel */;
			path = AccessibilityMap.xcdatamodeld;
			sourceTree = "<group>";
			versionGroupType = wrapper.xcdatamodel;
		};
/* End XCVersionGroup section */
	};
	rootObject = 6A372E9220B283FD00E62CCF /* Project object */;
}
